{
  "object": {
    "pins": [
      {
        "package": "Timepiece",
        "repositoryURL": "https://github.com/Evertt/Timepiece",
        "state": {
          "branch": null,
          "revision": "8cec053af8d1a8c52428e134d16013a553cef4a5",
          "version": "1.3.2"
        }
      }
    ]
  },
  "version": 1
}
